
Microsoft Visual Studio Solution File, Format Version 12.00
# Visual Studio Version 16
VisualStudioVersion = 16.0.31105.61
MinimumVisualStudioVersion = 10.0.40219.1
Project("{9A19103F-16F7-4668-BE54-9A1E7A4F7556}") = "RedBusApi", "RedBusApi\RedBusApi.csproj", "{DDF8FB43-10DB-42AC-A301-1DE9ED7F10D8}"
EndProject
Project("{FAE04EC0-301F-11D3-BF4B-00C04F79EFBC}") = "RedBusMVC", "RedBusMVC\RedBusMVC.csproj", "{4D71DAAC-4B16-470F-9B6F-25F3FCDD91AB}"
EndProject
Global
	GlobalSection(SolutionConfigurationPlatforms) = preSolution
		Debug|Any CPU = Debug|Any CPU
		Release|Any CPU = Release|Any CPU
	EndGlobalSection
	GlobalSection(ProjectConfigurationPlatforms) = postSolution
		{DDF8FB43-10DB-42AC-A301-1DE9ED7F10D8}.Debug|Any CPU.ActiveCfg = Debug|Any CPU
		{DDF8FB43-10DB-42AC-A301-1DE9ED7F10D8}.Debug|Any CPU.Build.0 = Debug|Any CPU
		{DDF8FB43-10DB-42AC-A301-1DE9ED7F10D8}.Release|Any CPU.ActiveCfg = Release|Any CPU
		{DDF8FB43-10DB-42AC-A301-1DE9ED7F10D8}.Release|Any CPU.Build.0 = Release|Any CPU
		{4D71DAAC-4B16-470F-9B6F-25F3FCDD91AB}.Debug|Any CPU.ActiveCfg = Debug|Any CPU
		{4D71DAAC-4B16-470F-9B6F-25F3FCDD91AB}.Debug|Any CPU.Build.0 = Debug|Any CPU
		{4D71DAAC-4B16-470F-9B6F-25F3FCDD91AB}.Release|Any CPU.ActiveCfg = Release|Any CPU
		{4D71DAAC-4B16-470F-9B6F-25F3FCDD91AB}.Release|Any CPU.Build.0 = Release|Any CPU
	EndGlobalSection
	GlobalSection(SolutionProperties) = preSolution
		HideSolutionNode = FALSE
	EndGlobalSection
	GlobalSection(ExtensibilityGlobals) = postSolution
		SolutionGuid = {0A7855F9-85DB-4B95-8AE7-26E9A64A50A8}
	EndGlobalSection
EndGlobal
